{
  "meteor": {},
  "dependencies": {
    "basePackages": {
      "iron-router": {},
      "spin": {},
      "bootstrap-3": {},
      "bootstrap-alerts": {},
      "animate-css": {},
      "autoform": {},
      "wizard": {},
      "collection-helpers": {},
      "handlebar-helpers": {},
      "server-info": {},
      "apm": {},
      "iron-router-active": {}
    },
    "packages": {
      "iron-router": {
        "git": "https://github.com/EventedMind/iron-router.git",
        "tag": "v0.7.1",
        "commit": "d1ffb3f06ea4c112132b030f2eb1a70b81675ecb"
      },
      "spin": {
        "git": "https://github.com/SachaG/meteor-spin.git",
        "tag": "v0.2.2",
        "commit": "3f655f0016228e4195acc784c45d3e3a247dc39f"
      },
      "bootstrap-3": {
        "git": "https://github.com/mangasocial/meteor-bootstrap-3.git",
        "tag": "v3.1.1-1",
        "commit": "63dd38968828bb8963636df93e9a1c45e2dfe67e"
      },
      "bootstrap-alerts": {
        "git": "https://github.com/asktomsk/bootstrap-alerts.git",
        "tag": "v0.0.5",
        "commit": "6ddd650208a77677ab86af9dfccc3a69b1ba8d32"
      },
      "animate-css": {
        "git": "https://github.com/nate-strauser/meteor-animate-css.git",
        "tag": "v3.1.1",
        "commit": "59ce70b99dff5bc3d1227b789eefa43a761db158"
      },
      "autoform": {
        "git": "https://github.com/aldeed/meteor-autoform.git",
        "tag": "v0.8.1",
        "commit": "385051a5e4bbea3b2a54965800f5f530987ef432"
      },
      "wizard": {
        "git": "https://github.com/forwarder/meteor-wizard.git",
        "tag": "v0.2.3",
        "commit": "2871343bf9d7faca4543e9c3de46a3991665cf45"
      },
      "collection-helpers": {
        "git": "https://github.com/dburles/meteor-collection-helpers.git",
        "tag": "v0.2.6",
        "commit": "f04819e9a148fb8992c7a345503167dfb1b9ad3e"
      },
      "handlebar-helpers": {
        "git": "https://github.com/raix/Meteor-handlebar-helpers.git",
        "tag": "v0.1.1",
        "commit": "0b407ab65e7c1ebd53d71aef0de2e2c1d21a597c"
      },
      "server-info": {
        "git": "https://github.com/percolatestudio/meteor-server-info.git",
        "tag": "v0.6.1",
        "commit": "b951de553f5e4ebec874b36b09dff4a4b7fea427"
      },
      "apm": {
        "git": "https://github.com/arunoda/meteor-apm-client.git",
        "tag": "v1.2.6",
        "commit": "426e3c3c33457736ec64d8af17c765d477d1476b"
      },
      "iron-router-active": {
        "git": "https://github.com/XpressiveCode/iron-router-active.git",
        "tag": "v0.2.0",
        "commit": "1b05aad5325c3dfdb5186b9c288aa53013d767b8"
      },
      "blaze-layout": {
        "git": "https://github.com/EventedMind/blaze-layout.git",
        "tag": "v0.2.4",
        "commit": "b40e9b0612329288d75cf52ad14a7da64bb8618f"
      },
      "simple-schema": {
        "git": "https://github.com/aldeed/meteor-simple-schema.git",
        "tag": "v0.4.0",
        "commit": "2cc6aac0d35a4e00b065c1437d540b2aefba5241"
      },
      "collection2": {
        "git": "https://github.com/aldeed/meteor-collection2.git",
        "tag": "v0.3.11",
        "commit": "7e970671305657678e8508d8107d5e6c5e158559"
      },
      "moment": {
        "git": "https://github.com/acreeger/meteor-moment.git",
        "tag": "v2.6.0",
        "commit": "26156df681750fd6e6ed77043eef32b6653ebbdf"
      }
    }
  }
}
